
Microsoft Visual Studio Solution File, Format Version 12.00
# Visual Studio Version 16
VisualStudioVersion = 16.0.31410.357
MinimumVisualStudioVersion = 10.0.40219.1
Project("{FAE04EC0-301F-11D3-BF4B-00C04F79EFBC}") = "bytebank_ADM", "bytebank_ADM\bytebank_ADM.csproj", "{B7824FE5-D0BA-444D-8825-36C8D8B645E4}"
EndProject
Global
	GlobalSection(SolutionConfigurationPlatforms) = preSolution
		Debug|Any CPU = Debug|Any CPU
		Release|Any CPU = Release|Any CPU
	EndGlobalSection
	GlobalSection(ProjectConfigurationPlatforms) = postSolution
		{B7824FE5-D0BA-444D-8825-36C8D8B645E4}.Debug|Any CPU.ActiveCfg = Debug|Any CPU
		{B7824FE5-D0BA-444D-8825-36C8D8B645E4}.Debug|Any CPU.Build.0 = Debug|Any CPU
		{B7824FE5-D0BA-444D-8825-36C8D8B645E4}.Release|Any CPU.ActiveCfg = Release|Any CPU
		{B7824FE5-D0BA-444D-8825-36C8D8B645E4}.Release|Any CPU.Build.0 = Release|Any CPU
	EndGlobalSection
	GlobalSection(SolutionProperties) = preSolution
		HideSolutionNode = FALSE
	EndGlobalSection
	GlobalSection(ExtensibilityGlobals) = postSolution
		SolutionGuid = {42670EE1-A374-43C2-B481-DDEA181B4344}
	EndGlobalSection
EndGlobal
